{
  "pins" : [
    {
      "identity" : "bip39",
      "kind" : "remoteSourceControl",
      "location" : "https://github.com/anquii/BIP39.git",
      "state" : {
        "revision" : "c7593edc4c5fe93cdd25fc527bdb185af1b396e7",
        "version" : "2.0.1"
      }
    },
    {
      "identity" : "cryptoswiftwrapper",
      "kind" : "remoteSourceControl",
      "location" : "https://github.com/anquii/CryptoSwiftWrapper.git",
      "state" : {
        "revision" : "0d57e806de368b5d2364fabb7c789b48661ec90c",
        "version" : "1.4.3"
      }
    }
  ],
  "version" : 2
}
