{
  "pins" : [
    {
      "identity" : "bip39",
      "kind" : "remoteSourceControl",
      "location" : "https://github.com/anquii/BIP39.git",
      "state" : {
        "revision" : "49708d144984128c6bf4cce58ecb85b8de6fbca5",
        "version" : "2.1.0"
      }
    },
    {
      "identity" : "cryptoswiftwrapper",
      "kind" : "remoteSourceControl",
      "location" : "https://github.com/anquii/CryptoSwiftWrapper.git",
      "state" : {
        "revision" : "0d57e806de368b5d2364fabb7c789b48661ec90c",
        "version" : "1.4.3"
      }
    }
  ],
  "version" : 2
}
